# This file is autogenerated, do not edit; changes may be undone by the next 'dep ensure'.


[[projects]]
  branch = "master"
  digest = "1:d6f785b8f0be6791c9435fad78286c73a0a5fa2bba6f6b6ccd2a03799b323292"
  name = "github.com/RadhiFadlillah/go-sastrawi"
  packages = ["."]
  pruneopts = "NUT"
  revision = "0f370ab04ed68e4182e3c71297edcd339d573a04"

[solve-meta]
  analyzer-name = "dep"
  analyzer-version = 1
  input-imports = ["github.com/RadhiFadlillah/go-sastrawi"]
  solver-name = "gps-cdcl"
  solver-version = 1
